{
  "name": "How-not-to-burning-money",
  "lockfileVersion": 2,
  "requires": true,
  "packages": {
    "": {
      "dependencies": {
        "chartjs-plugin-outerlabels": "^2.0.0",
        "dotenv": "^16.0.3"
      }
    },
    "node_modules/chart.js": {
      "version": "3.9.1",
      "resolved": "https://registry.npmjs.org/chart.js/-/chart.js-3.9.1.tgz",
      "integrity": "sha512-Ro2JbLmvg83gXF5F4sniaQ+lTbSv18E+TIf2cOeiH1Iqd2PGFOtem+DUufMZsCJwFE7ywPOpfXFBwRTGq7dh6w==",
      "peer": true
    },
    "node_modules/chartjs-plugin-outerlabels": {
      "version": "2.0.0",
      "resolved": "https://registry.npmjs.org/chartjs-plugin-outerlabels/-/chartjs-plugin-outerlabels-2.0.0.tgz",
      "integrity": "sha512-1a2eRRVAB5ccurpkEe8Cgztovpfmb29cxIUUVCJzJBBPrFYSnWU2YoygEclgjbQ+2pykwm93GFKs1tflKwjQ6g==",
      "peerDependencies": {
        "chart.js": ">= 3.7.0 < 4"
      }
    },
    "node_modules/dotenv": {
      "version": "16.0.3",
      "resolved": "https://registry.npmjs.org/dotenv/-/dotenv-16.0.3.tgz",
      "integrity": "sha512-7GO6HghkA5fYG9TYnNxi14/7K9f5occMlp3zXAuSxn7CKCxt9xbNWG7yF8hTCSUchlfWSe3uLmlPfigevRItzQ==",
      "engines": {
        "node": ">=12"
      }
    }
  },
  "dependencies": {
    "chart.js": {
      "version": "3.9.1",
      "resolved": "https://registry.npmjs.org/chart.js/-/chart.js-3.9.1.tgz",
      "integrity": "sha512-Ro2JbLmvg83gXF5F4sniaQ+lTbSv18E+TIf2cOeiH1Iqd2PGFOtem+DUufMZsCJwFE7ywPOpfXFBwRTGq7dh6w==",
      "peer": true
    },
    "chartjs-plugin-outerlabels": {
      "version": "2.0.0",
      "resolved": "https://registry.npmjs.org/chartjs-plugin-outerlabels/-/chartjs-plugin-outerlabels-2.0.0.tgz",
      "integrity": "sha512-1a2eRRVAB5ccurpkEe8Cgztovpfmb29cxIUUVCJzJBBPrFYSnWU2YoygEclgjbQ+2pykwm93GFKs1tflKwjQ6g==",
      "requires": {}
    },
    "dotenv": {
      "version": "16.0.3",
      "resolved": "https://registry.npmjs.org/dotenv/-/dotenv-16.0.3.tgz",
      "integrity": "sha512-7GO6HghkA5fYG9TYnNxi14/7K9f5occMlp3zXAuSxn7CKCxt9xbNWG7yF8hTCSUchlfWSe3uLmlPfigevRItzQ=="
    }
  }
}
